
Microsoft Visual Studio Solution File, Format Version 12.00
# Visual Studio Version 16
VisualStudioVersion = 16.0.30225.117
MinimumVisualStudioVersion = 10.0.40219.1
Project("{9A19103F-16F7-4668-BE54-9A1E7A4F7556}") = "Circle Radius", "Circle Radius\Circle Radius.csproj", "{5FA98EC0-70F6-4CD2-A287-62C8933C58EA}"
EndProject
Project("{9A19103F-16F7-4668-BE54-9A1E7A4F7556}") = "Loop", "Loop\Loop.csproj", "{D422D720-D311-4166-8449-40ECAD56C990}"
EndProject
Project("{9A19103F-16F7-4668-BE54-9A1E7A4F7556}") = "Exceptions and Errors", "Exceptions and Errors\Exceptions and Errors.csproj", "{52BB3788-3D2E-477B-90D8-0C5870D4A139}"
EndProject
Project("{9A19103F-16F7-4668-BE54-9A1E7A4F7556}") = "Regular Expressions", "Regular Expressions\Regular Expressions.csproj", "{B18BFE34-F7A3-41AC-A9ED-AA9675204B38}"
EndProject
Project("{9A19103F-16F7-4668-BE54-9A1E7A4F7556}") = "Strings", "Strings\Strings.csproj", "{256C7572-2A15-4C2D-AA99-942BCB059BBE}"
EndProject
Project("{9A19103F-16F7-4668-BE54-9A1E7A4F7556}") = "Arrays", "Arrays\Arrays.csproj", "{90B98058-687D-4659-A3D4-99CCFFAD83D6}"
EndProject
Project("{9A19103F-16F7-4668-BE54-9A1E7A4F7556}") = "Collections", "Collections\Collections.csproj", "{D0317207-FA47-4D0E-A3E7-7662F5CFB7C7}"
EndProject
Project("{9A19103F-16F7-4668-BE54-9A1E7A4F7556}") = "Data Structures", "Data Structures\Data Structures.csproj", "{EAD1CFA5-740B-4CCF-9865-E59FFE9F1899}"
EndProject
Project("{9A19103F-16F7-4668-BE54-9A1E7A4F7556}") = "Methods", "Methods\Methods.csproj", "{97F42037-131B-4450-8495-DD989A9BAD31}"
EndProject
Project("{FAE04EC0-301F-11D3-BF4B-00C04F79EFBC}") = "Classes", "Classes\Classes.csproj", "{3E709DCB-0CCE-4EE9-87A3-32E03E807394}"
EndProject
Global
	GlobalSection(SolutionConfigurationPlatforms) = preSolution
		Debug|Any CPU = Debug|Any CPU
		Release|Any CPU = Release|Any CPU
	EndGlobalSection
	GlobalSection(ProjectConfigurationPlatforms) = postSolution
		{5FA98EC0-70F6-4CD2-A287-62C8933C58EA}.Debug|Any CPU.ActiveCfg = Debug|Any CPU
		{5FA98EC0-70F6-4CD2-A287-62C8933C58EA}.Debug|Any CPU.Build.0 = Debug|Any CPU
		{5FA98EC0-70F6-4CD2-A287-62C8933C58EA}.Release|Any CPU.ActiveCfg = Release|Any CPU
		{5FA98EC0-70F6-4CD2-A287-62C8933C58EA}.Release|Any CPU.Build.0 = Release|Any CPU
		{D422D720-D311-4166-8449-40ECAD56C990}.Debug|Any CPU.ActiveCfg = Debug|Any CPU
		{D422D720-D311-4166-8449-40ECAD56C990}.Debug|Any CPU.Build.0 = Debug|Any CPU
		{D422D720-D311-4166-8449-40ECAD56C990}.Release|Any CPU.ActiveCfg = Release|Any CPU
		{D422D720-D311-4166-8449-40ECAD56C990}.Release|Any CPU.Build.0 = Release|Any CPU
		{52BB3788-3D2E-477B-90D8-0C5870D4A139}.Debug|Any CPU.ActiveCfg = Debug|Any CPU
		{52BB3788-3D2E-477B-90D8-0C5870D4A139}.Debug|Any CPU.Build.0 = Debug|Any CPU
		{52BB3788-3D2E-477B-90D8-0C5870D4A139}.Release|Any CPU.ActiveCfg = Release|Any CPU
		{52BB3788-3D2E-477B-90D8-0C5870D4A139}.Release|Any CPU.Build.0 = Release|Any CPU
		{B18BFE34-F7A3-41AC-A9ED-AA9675204B38}.Debug|Any CPU.ActiveCfg = Debug|Any CPU
		{B18BFE34-F7A3-41AC-A9ED-AA9675204B38}.Debug|Any CPU.Build.0 = Debug|Any CPU
		{B18BFE34-F7A3-41AC-A9ED-AA9675204B38}.Release|Any CPU.ActiveCfg = Release|Any CPU
		{B18BFE34-F7A3-41AC-A9ED-AA9675204B38}.Release|Any CPU.Build.0 = Release|Any CPU
		{256C7572-2A15-4C2D-AA99-942BCB059BBE}.Debug|Any CPU.ActiveCfg = Debug|Any CPU
		{256C7572-2A15-4C2D-AA99-942BCB059BBE}.Debug|Any CPU.Build.0 = Debug|Any CPU
		{256C7572-2A15-4C2D-AA99-942BCB059BBE}.Release|Any CPU.ActiveCfg = Release|Any CPU
		{256C7572-2A15-4C2D-AA99-942BCB059BBE}.Release|Any CPU.Build.0 = Release|Any CPU
		{90B98058-687D-4659-A3D4-99CCFFAD83D6}.Debug|Any CPU.ActiveCfg = Debug|Any CPU
		{90B98058-687D-4659-A3D4-99CCFFAD83D6}.Debug|Any CPU.Build.0 = Debug|Any CPU
		{90B98058-687D-4659-A3D4-99CCFFAD83D6}.Release|Any CPU.ActiveCfg = Release|Any CPU
		{90B98058-687D-4659-A3D4-99CCFFAD83D6}.Release|Any CPU.Build.0 = Release|Any CPU
		{D0317207-FA47-4D0E-A3E7-7662F5CFB7C7}.Debug|Any CPU.ActiveCfg = Debug|Any CPU
		{D0317207-FA47-4D0E-A3E7-7662F5CFB7C7}.Debug|Any CPU.Build.0 = Debug|Any CPU
		{D0317207-FA47-4D0E-A3E7-7662F5CFB7C7}.Release|Any CPU.ActiveCfg = Release|Any CPU
		{D0317207-FA47-4D0E-A3E7-7662F5CFB7C7}.Release|Any CPU.Build.0 = Release|Any CPU
		{EAD1CFA5-740B-4CCF-9865-E59FFE9F1899}.Debug|Any CPU.ActiveCfg = Debug|Any CPU
		{EAD1CFA5-740B-4CCF-9865-E59FFE9F1899}.Debug|Any CPU.Build.0 = Debug|Any CPU
		{EAD1CFA5-740B-4CCF-9865-E59FFE9F1899}.Release|Any CPU.ActiveCfg = Release|Any CPU
		{EAD1CFA5-740B-4CCF-9865-E59FFE9F1899}.Release|Any CPU.Build.0 = Release|Any CPU
		{97F42037-131B-4450-8495-DD989A9BAD31}.Debug|Any CPU.ActiveCfg = Debug|Any CPU
		{97F42037-131B-4450-8495-DD989A9BAD31}.Debug|Any CPU.Build.0 = Debug|Any CPU
		{97F42037-131B-4450-8495-DD989A9BAD31}.Release|Any CPU.ActiveCfg = Release|Any CPU
		{97F42037-131B-4450-8495-DD989A9BAD31}.Release|Any CPU.Build.0 = Release|Any CPU
		{3E709DCB-0CCE-4EE9-87A3-32E03E807394}.Debug|Any CPU.ActiveCfg = Debug|Any CPU
		{3E709DCB-0CCE-4EE9-87A3-32E03E807394}.Debug|Any CPU.Build.0 = Debug|Any CPU
		{3E709DCB-0CCE-4EE9-87A3-32E03E807394}.Release|Any CPU.ActiveCfg = Release|Any CPU
		{3E709DCB-0CCE-4EE9-87A3-32E03E807394}.Release|Any CPU.Build.0 = Release|Any CPU
	EndGlobalSection
	GlobalSection(SolutionProperties) = preSolution
		HideSolutionNode = FALSE
	EndGlobalSection
	GlobalSection(ExtensibilityGlobals) = postSolution
		SolutionGuid = {8EA606C5-4221-47A5-A17A-B14B3A97CE41}
	EndGlobalSection
EndGlobal
